{
  "name": "geek",
  "lockfileVersion": 3,
  "requires": true,
  "packages": {
    "": {
      "dependencies": {
        "beeper": "^3.0.0",
        "chalk": "^5.3.0",
        "lodash": "^4.17.21",
        "minimist": "^1.2.8"
      }
    },
    "node_modules/beeper": {
      "version": "3.0.0",
      "resolved": "https://registry.npmjs.org/beeper/-/beeper-3.0.0.tgz",
      "integrity": "sha512-8d0BXEuBIiPfmKvATnSCN58sGKCB3vy+lwORdSvfC5uN6OMlPj9/aVMXsmvt5dIvjjyxiuKYfMVWpiAh/kJr5w==",
      "dependencies": {
        "yoctodelay": "^1.2.0"
      },
      "engines": {
        "node": ">=12"
      },
      "funding": {
        "url": "https://github.com/sponsors/sindresorhus"
      }
    },
    "node_modules/chalk": {
      "version": "5.3.0",
      "resolved": "https://registry.npmjs.org/chalk/-/chalk-5.3.0.tgz",
      "integrity": "sha512-dLitG79d+GV1Nb/VYcCDFivJeK1hiukt9QjRNVOsUtTy1rR1YJsmpGGTZ3qJos+uw7WmWF4wUwBd9jxjocFC2w==",
      "engines": {
        "node": "^12.17.0 || ^14.13 || >=16.0.0"
      },
      "funding": {
        "url": "https://github.com/chalk/chalk?sponsor=1"
      }
    },
    "node_modules/lodash": {
      "version": "4.17.21",
      "resolved": "https://registry.npmjs.org/lodash/-/lodash-4.17.21.tgz",
      "integrity": "sha512-v2kDEe57lecTulaDIuNTPy3Ry4gLGJ6Z1O3vE1krgXZNrsQ+LFTGHVxVjcXPs17LhbZVGedAJv8XZ1tvj5FvSg=="
    },
    "node_modules/minimist": {
      "version": "1.2.8",
      "resolved": "https://registry.npmjs.org/minimist/-/minimist-1.2.8.tgz",
      "integrity": "sha512-2yyAR8qBkN3YuheJanUpWC5U3bb5osDywNB8RzDVlDwDHbocAJveqqj1u8+SVD7jkWT4yvsHCpWqqWqAxb0zCA==",
      "funding": {
        "url": "https://github.com/sponsors/ljharb"
      }
    },
    "node_modules/yoctodelay": {
      "version": "1.2.0",
      "resolved": "https://registry.npmjs.org/yoctodelay/-/yoctodelay-1.2.0.tgz",
      "integrity": "sha512-12y/P9MSig9/5BEhBgylss+fkHiCRZCvYR81eH35NW9uw801cvJt31EAV+WOLcwZRZbLiIQl/hxcdXXXFmGvXg==",
      "engines": {
        "node": ">=4"
      }
    }
  }
}
